{
    "_readme": [
        "This file locks the dependencies of your project to a known state",
        "Read more about it at https://getcomposer.org/doc/01-basic-usage.md#installing-dependencies",
        "This file is @generated automatically"
    ],
    "content-hash": "a26b6ce16f213171ee18f1379c9d32cb",
    "packages": [
        {
            "name": "koolreport/core",
            "version": "4.7.1",
            "source": {
                "type": "git",
                "url": "https://github.com/koolreport/core.git",
                "reference": "5e0a4b0a08bd35691b78042c9ca1d88d716e935a"
            },
            "dist": {
                "type": "zip",
                "url": "https://api.github.com/repos/koolreport/core/zipball/5e0a4b0a08bd35691b78042c9ca1d88d716e935a",
                "reference": "5e0a4b0a08bd35691b78042c9ca1d88d716e935a",
                "shasum": ""
            },
            "require": {
                "php": ">=5.4"
            },
            "type": "library",
            "autoload": {
                "files": [
                    "autoload.php"
                ]
            },
            "notification-url": "https://packagist.org/downloads/",
            "license": [
                "MIT"
            ],
            "authors": [
                {
                    "name": "KoolPHP Inc",
                    "homepage": "https://www.koolphp.net"
                }
            ],
            "description": "An Open Source PHP Reporting Framework for easier and faster report delivery.",
            "homepage": "https://www.koolreport.com",
            "keywords": [
                "PHP Reporting Framework",
                "PHP Reporting Tools",
                "charts and graphs",
                "data processing",
                "data visualization"
            ],
            "time": "2020-05-19T07:37:11+00:00"
        }
    ],
    "packages-dev": [],
    "aliases": [],
    "minimum-stability": "stable",
    "stability-flags": [],
    "prefer-stable": false,
    "prefer-lowest": false,
    "platform": [],
    "platform-dev": [],
    "plugin-api-version": "1.1.0"
}
